// !$*UTF8*$!
{
	archiveVersion = 1;
	classes = {
	};
	objectVersion = 46;
	objects = {

/* Begin PBXBuildFile section */
		183E2B341F0DE0590095C8BA /* CNotificationManager.m in Sources */ = {isa = PBXBuildFile; fileRef = 183E2B331F0DE0590095C8BA /* CNotificationManager.m */; };
		18403DE91E7BB595007ECADC /* UncaughtExceptionHandler.m in Sources */ = {isa = PBXBuildFile; fileRef = 18403DE81E7BB595007ECADC /* UncaughtExceptionHandler.m */; };
		184840131E77BF6B00380983 /* 5.jpg in Resources */ = {isa = PBXBuildFile; fileRef = 184840121E77BF6B00380983 /* 5.jpg */; };
		1849A0441ED2ED7B0024AD33 /* testView.xib in Resources */ = {isa = PBXBuildFile; fileRef = 1849A0431ED2ED7B0024AD33 /* testView.xib */; };
		1849A0471ED2ED9E0024AD33 /* TestView.m in Sources */ = {isa = PBXBuildFile; fileRef = 1849A0461ED2ED9E0024AD33 /* TestView.m */; };
		185C56061E8E52FC001E5B6C /* 弹幕头背景-.png in Resources */ = {isa = PBXBuildFile; fileRef = 185C55FD1E8E52FC001E5B6C /* 弹幕头背景-.png */; };
		185C56071E8E52FC001E5B6C /* 弹幕头背景-@2x.png in Resources */ = {isa = PBXBuildFile; fileRef = 185C55FE1E8E52FC001E5B6C /* 弹幕头背景-@2x.png */; };
		185C56081E8E52FC001E5B6C /* 弹幕头背景-@3x.png in Resources */ = {isa = PBXBuildFile; fileRef = 185C55FF1E8E52FC001E5B6C /* 弹幕头背景-@3x.png */; };
		185C56091E8E52FC001E5B6C /* 弹按钮灰-.png in Resources */ = {isa = PBXBuildFile; fileRef = 185C56001E8E52FC001E5B6C /* 弹按钮灰-.png */; };
		185C560A1E8E52FC001E5B6C /* 弹按钮灰-@2x.png in Resources */ = {isa = PBXBuildFile; fileRef = 185C56011E8E52FC001E5B6C /* 弹按钮灰-@2x.png */; };
		185C560B1E8E52FC001E5B6C /* 弹按钮灰-@3x.png in Resources */ = {isa = PBXBuildFile; fileRef = 185C56021E8E52FC001E5B6C /* 弹按钮灰-@3x.png */; };
		185C560C1E8E52FC001E5B6C /* 弹按钮蓝-.png in Resources */ = {isa = PBXBuildFile; fileRef = 185C56031E8E52FC001E5B6C /* 弹按钮蓝-.png */; };
		185C560D1E8E52FC001E5B6C /* 弹按钮蓝-@2x.png in Resources */ = {isa = PBXBuildFile; fileRef = 185C56041E8E52FC001E5B6C /* 弹按钮蓝-@2x.png */; };
		185C560E1E8E52FC001E5B6C /* 弹按钮蓝-@3x.png in Resources */ = {isa = PBXBuildFile; fileRef = 185C56051E8E52FC001E5B6C /* 弹按钮蓝-@3x.png */; };
		188F4FDF1E7650A5005738D0 /* main.m in Sources */ = {isa = PBXBuildFile; fileRef = 188F4FDE1E7650A5005738D0 /* main.m */; };
		188F4FE21E7650A5005738D0 /* AppDelegate.m in Sources */ = {isa = PBXBuildFile; fileRef = 188F4FE11E7650A5005738D0 /* AppDelegate.m */; };
		188F4FE51E7650A5005738D0 /* ViewController.m in Sources */ = {isa = PBXBuildFile; fileRef = 188F4FE41E7650A5005738D0 /* ViewController.m */; };
		188F4FE81E7650A5005738D0 /* Main.storyboard in Resources */ = {isa = PBXBuildFile; fileRef = 188F4FE61E7650A5005738D0 /* Main.storyboard */; };
		188F4FEA1E7650A5005738D0 /* Assets.xcassets in Resources */ = {isa = PBXBuildFile; fileRef = 188F4FE91E7650A5005738D0 /* Assets.xcassets */; };
		188F4FED1E7650A5005738D0 /* LaunchScreen.storyboard in Resources */ = {isa = PBXBuildFile; fileRef = 188F4FEB1E7650A5005738D0 /* LaunchScreen.storyboard */; };
		188F4FF81E766F00005738D0 /* 1.jpeg in Resources */ = {isa = PBXBuildFile; fileRef = 188F4FF41E766F00005738D0 /* 1.jpeg */; };
		188F4FF91E766F00005738D0 /* 2.jpeg in Resources */ = {isa = PBXBuildFile; fileRef = 188F4FF51E766F00005738D0 /* 2.jpeg */; };
		188F4FFA1E766F00005738D0 /* 3.jpeg in Resources */ = {isa = PBXBuildFile; fileRef = 188F4FF61E766F00005738D0 /* 3.jpeg */; };
		188F4FFB1E766F00005738D0 /* 4.jpeg in Resources */ = {isa = PBXBuildFile; fileRef = 188F4FF71E766F00005738D0 /* 4.jpeg */; };
		18CBD99620590FBF00C99168 /* testViewController.m in Sources */ = {isa = PBXBuildFile; fileRef = 18CBD99520590FBF00C99168 /* testViewController.m */; };
		18CD0B011E88E200003DE5BC /* ReplayKit.framework in Frameworks */ = {isa = PBXBuildFile; fileRef = 18CD0B001E88E200003DE5BC /* ReplayKit.framework */; settings = {ATTRIBUTES = (Weak, ); }; };
		18DA4A58212E9013009B1F59 /* NSNull+XY.m in Sources */ = {isa = PBXBuildFile; fileRef = 18DA4A56212E9012009B1F59 /* NSNull+XY.m */; };
		18FEAE101F8C9F780000E7B0 /* xxxx.pdf in Resources */ = {isa = PBXBuildFile; fileRef = 18FEAE0F1F8C9EC40000E7B0 /* xxxx.pdf */; };
/* End PBXBuildFile section */

/* Begin PBXFileReference section */
		183E2B321F0DE0590095C8BA /* CNotificationManager.h */ = {isa = PBXFileReference; fileEncoding = 4; lastKnownFileType = sourcecode.c.h; path = CNotificationManager.h; sourceTree = "<group>"; };
		183E2B331F0DE0590095C8BA /* CNotificationManager.m */ = {isa = PBXFileReference; fileEncoding = 4; lastKnownFileType = sourcecode.c.objc; path = CNotificationManager.m; sourceTree = "<group>"; };
		18403DE71E7BB595007ECADC /* UncaughtExceptionHandler.h */ = {isa = PBXFileReference; fileEncoding = 4; lastKnownFileType = sourcecode.c.h; path = UncaughtExceptionHandler.h; sourceTree = "<group>"; };
		18403DE81E7BB595007ECADC /* UncaughtExceptionHandler.m */ = {isa = PBXFileReference; fileEncoding = 4; lastKnownFileType = sourcecode.c.objc; path = UncaughtExceptionHandler.m; sourceTree = "<group>"; };
		184840121E77BF6B00380983 /* 5.jpg */ = {isa = PBXFileReference; lastKnownFileType = image.jpeg; path = 5.jpg; sourceTree = "<group>"; };
		1849A0431ED2ED7B0024AD33 /* testView.xib */ = {isa = PBXFileReference; fileEncoding = 4; lastKnownFileType = file.xib; path = testView.xib; sourceTree = "<group>"; };
		1849A0451ED2ED9E0024AD33 /* TestView.h */ = {isa = PBXFileReference; fileEncoding = 4; lastKnownFileType = sourcecode.c.h; path = TestView.h; sourceTree = "<group>"; };
		1849A0461ED2ED9E0024AD33 /* TestView.m */ = {isa = PBXFileReference; fileEncoding = 4; lastKnownFileType = sourcecode.c.objc; path = TestView.m; sourceTree = "<group>"; };
		185C55FD1E8E52FC001E5B6C /* 弹幕头背景-.png */ = {isa = PBXFileReference; lastKnownFileType = image.png; path = "弹幕头背景-.png"; sourceTree = "<group>"; };
		185C55FE1E8E52FC001E5B6C /* 弹幕头背景-@2x.png */ = {isa = PBXFileReference; lastKnownFileType = image.png; path = "弹幕头背景-@2x.png"; sourceTree = "<group>"; };
		185C55FF1E8E52FC001E5B6C /* 弹幕头背景-@3x.png */ = {isa = PBXFileReference; lastKnownFileType = image.png; path = "弹幕头背景-@3x.png"; sourceTree = "<group>"; };
		185C56001E8E52FC001E5B6C /* 弹按钮灰-.png */ = {isa = PBXFileReference; lastKnownFileType = image.png; path = "弹按钮灰-.png"; sourceTree = "<group>"; };
		185C56011E8E52FC001E5B6C /* 弹按钮灰-@2x.png */ = {isa = PBXFileReference; lastKnownFileType = image.png; path = "弹按钮灰-@2x.png"; sourceTree = "<group>"; };
		185C56021E8E52FC001E5B6C /* 弹按钮灰-@3x.png */ = {isa = PBXFileReference; lastKnownFileType = image.png; path = "弹按钮灰-@3x.png"; sourceTree = "<group>"; };
		185C56031E8E52FC001E5B6C /* 弹按钮蓝-.png */ = {isa = PBXFileReference; lastKnownFileType = image.png; path = "弹按钮蓝-.png"; sourceTree = "<group>"; };
		185C56041E8E52FC001E5B6C /* 弹按钮蓝-@2x.png */ = {isa = PBXFileReference; lastKnownFileType = image.png; path = "弹按钮蓝-@2x.png"; sourceTree = "<group>"; };
		185C56051E8E52FC001E5B6C /* 弹按钮蓝-@3x.png */ = {isa = PBXFileReference; lastKnownFileType = image.png; path = "弹按钮蓝-@3x.png"; sourceTree = "<group>"; };
		188F4FDA1E7650A5005738D0 /* testButton.app */ = {isa = PBXFileReference; explicitFileType = wrapper.application; includeInIndex = 0; path = testButton.app; sourceTree = BUILT_PRODUCTS_DIR; };
		188F4FDE1E7650A5005738D0 /* main.m */ = {isa = PBXFileReference; lastKnownFileType = sourcecode.c.objc; path = main.m; sourceTree = "<group>"; };
		188F4FE01E7650A5005738D0 /* AppDelegate.h */ = {isa = PBXFileReference; lastKnownFileType = sourcecode.c.h; path = AppDelegate.h; sourceTree = "<group>"; };
		188F4FE11E7650A5005738D0 /* AppDelegate.m */ = {isa = PBXFileReference; lastKnownFileType = sourcecode.c.objc; path = AppDelegate.m; sourceTree = "<group>"; };
		188F4FE31E7650A5005738D0 /* ViewController.h */ = {isa = PBXFileReference; lastKnownFileType = sourcecode.c.h; path = ViewController.h; sourceTree = "<group>"; };
		188F4FE41E7650A5005738D0 /* ViewController.m */ = {isa = PBXFileReference; lastKnownFileType = sourcecode.c.objc; path = ViewController.m; sourceTree = "<group>"; };
		188F4FE71E7650A5005738D0 /* Base */ = {isa = PBXFileReference; lastKnownFileType = file.storyboard; name = Base; path = Base.lproj/Main.storyboard; sourceTree = "<group>"; };
		188F4FE91E7650A5005738D0 /* Assets.xcassets */ = {isa = PBXFileReference; lastKnownFileType = folder.assetcatalog; path = Assets.xcassets; sourceTree = "<group>"; };
		188F4FEC1E7650A5005738D0 /* Base */ = {isa = PBXFileReference; lastKnownFileType = file.storyboard; name = Base; path = Base.lproj/LaunchScreen.storyboard; sourceTree = "<group>"; };
		188F4FEE1E7650A5005738D0 /* Info.plist */ = {isa = PBXFileReference; lastKnownFileType = text.plist.xml; path = Info.plist; sourceTree = "<group>"; };
		188F4FF41E766F00005738D0 /* 1.jpeg */ = {isa = PBXFileReference; lastKnownFileType = image.jpeg; path = 1.jpeg; sourceTree = "<group>"; };
		188F4FF51E766F00005738D0 /* 2.jpeg */ = {isa = PBXFileReference; lastKnownFileType = image.jpeg; path = 2.jpeg; sourceTree = "<group>"; };
		188F4FF61E766F00005738D0 /* 3.jpeg */ = {isa = PBXFileReference; lastKnownFileType = image.jpeg; path = 3.jpeg; sourceTree = "<group>"; };
		188F4FF71E766F00005738D0 /* 4.jpeg */ = {isa = PBXFileReference; lastKnownFileType = image.jpeg; path = 4.jpeg; sourceTree = "<group>"; };
		18CBD99420590FBF00C99168 /* testViewController.h */ = {isa = PBXFileReference; lastKnownFileType = sourcecode.c.h; path = testViewController.h; sourceTree = "<group>"; };
		18CBD99520590FBF00C99168 /* testViewController.m */ = {isa = PBXFileReference; lastKnownFileType = sourcecode.c.objc; path = testViewController.m; sourceTree = "<group>"; };
		18CD0B001E88E200003DE5BC /* ReplayKit.framework */ = {isa = PBXFileReference; lastKnownFileType = wrapper.framework; name = ReplayKit.framework; path = System/Library/Frameworks/ReplayKit.framework; sourceTree = SDKROOT; };
		18DA4A56212E9012009B1F59 /* NSNull+XY.m */ = {isa = PBXFileReference; fileEncoding = 4; lastKnownFileType = sourcecode.c.objc; path = "NSNull+XY.m"; sourceTree = "<group>"; };
		18DA4A57212E9013009B1F59 /* NSNull+XY.h */ = {isa = PBXFileReference; fileEncoding = 4; lastKnownFileType = sourcecode.c.h; path = "NSNull+XY.h"; sourceTree = "<group>"; };
		18FEAE0F1F8C9EC40000E7B0 /* xxxx.pdf */ = {isa = PBXFileReference; lastKnownFileType = image.pdf; path = xxxx.pdf; sourceTree = "<group>"; };
/* End PBXFileReference section */

/* Begin PBXFrameworksBuildPhase section */
		188F4FD71E7650A5005738D0 /* Frameworks */ = {
			isa = PBXFrameworksBuildPhase;
			buildActionMask = 2147483647;
			files = (
				18CD0B011E88E200003DE5BC /* ReplayKit.framework in Frameworks */,
			);
			runOnlyForDeploymentPostprocessing = 0;
		};
/* End PBXFrameworksBuildPhase section */

/* Begin PBXGroup section */
		185C55FC1E8E52FC001E5B6C /* 切图 */ = {
			isa = PBXGroup;
			children = (
				185C55FD1E8E52FC001E5B6C /* 弹幕头背景-.png */,
				185C55FE1E8E52FC001E5B6C /* 弹幕头背景-@2x.png */,
				185C55FF1E8E52FC001E5B6C /* 弹幕头背景-@3x.png */,
				185C56001E8E52FC001E5B6C /* 弹按钮灰-.png */,
				185C56011E8E52FC001E5B6C /* 弹按钮灰-@2x.png */,
				185C56021E8E52FC001E5B6C /* 弹按钮灰-@3x.png */,
				185C56031E8E52FC001E5B6C /* 弹按钮蓝-.png */,
				185C56041E8E52FC001E5B6C /* 弹按钮蓝-@2x.png */,
				185C56051E8E52FC001E5B6C /* 弹按钮蓝-@3x.png */,
			);
			path = "切图";
			sourceTree = "<group>";
		};
		188F4FD11E7650A5005738D0 = {
			isa = PBXGroup;
			children = (
				188F4FDC1E7650A5005738D0 /* testButton */,
				188F4FDB1E7650A5005738D0 /* Products */,
				18CD0AFF1E88E200003DE5BC /* Frameworks */,
			);
			sourceTree = "<group>";
		};
		188F4FDB1E7650A5005738D0 /* Products */ = {
			isa = PBXGroup;
			children = (
				188F4FDA1E7650A5005738D0 /* testButton.app */,
			);
			name = Products;
			sourceTree = "<group>";
		};
		188F4FDC1E7650A5005738D0 /* testButton */ = {
			isa = PBXGroup;
			children = (
				188F4FE01E7650A5005738D0 /* AppDelegate.h */,
				188F4FE11E7650A5005738D0 /* AppDelegate.m */,
				188F4FE31E7650A5005738D0 /* ViewController.h */,
				188F4FE41E7650A5005738D0 /* ViewController.m */,
				18CBD99420590FBF00C99168 /* testViewController.h */,
				18CBD99520590FBF00C99168 /* testViewController.m */,
				18403DE71E7BB595007ECADC /* UncaughtExceptionHandler.h */,
				18403DE81E7BB595007ECADC /* UncaughtExceptionHandler.m */,
				183E2B321F0DE0590095C8BA /* CNotificationManager.h */,
				183E2B331F0DE0590095C8BA /* CNotificationManager.m */,
				18DA4A57212E9013009B1F59 /* NSNull+XY.h */,
				18DA4A56212E9012009B1F59 /* NSNull+XY.m */,
				1849A0451ED2ED9E0024AD33 /* TestView.h */,
				1849A0461ED2ED9E0024AD33 /* TestView.m */,
				1849A0431ED2ED7B0024AD33 /* testView.xib */,
				188F4FE61E7650A5005738D0 /* Main.storyboard */,
				188F4FE91E7650A5005738D0 /* Assets.xcassets */,
				188F4FEB1E7650A5005738D0 /* LaunchScreen.storyboard */,
				188F4FEE1E7650A5005738D0 /* Info.plist */,
				188F4FDD1E7650A5005738D0 /* Supporting Files */,
			);
			path = testButton;
			sourceTree = "<group>";
		};
		188F4FDD1E7650A5005738D0 /* Supporting Files */ = {
			isa = PBXGroup;
			children = (
				18FEAE0F1F8C9EC40000E7B0 /* xxxx.pdf */,
				185C55FC1E8E52FC001E5B6C /* 切图 */,
				188F4FF41E766F00005738D0 /* 1.jpeg */,
				188F4FF51E766F00005738D0 /* 2.jpeg */,
				188F4FF61E766F00005738D0 /* 3.jpeg */,
				188F4FF71E766F00005738D0 /* 4.jpeg */,
				184840121E77BF6B00380983 /* 5.jpg */,
				188F4FDE1E7650A5005738D0 /* main.m */,
			);
			name = "Supporting Files";
			sourceTree = "<group>";
		};
		18CD0AFF1E88E200003DE5BC /* Frameworks */ = {
			isa = PBXGroup;
			children = (
				18CD0B001E88E200003DE5BC /* ReplayKit.framework */,
			);
			name = Frameworks;
			sourceTree = "<group>";
		};
/* End PBXGroup section */

/* Begin PBXNativeTarget section */
		188F4FD91E7650A5005738D0 /* testButton */ = {
			isa = PBXNativeTarget;
			buildConfigurationList = 188F4FF11E7650A5005738D0 /* Build configuration list for PBXNativeTarget "testButton" */;
			buildPhases = (
				188F4FD61E7650A5005738D0 /* Sources */,
				188F4FD71E7650A5005738D0 /* Frameworks */,
				188F4FD81E7650A5005738D0 /* Resources */,
			);
			buildRules = (
			);
			dependencies = (
			);
			name = testButton;
			productName = testButton;
			productReference = 188F4FDA1E7650A5005738D0 /* testButton.app */;
			productType = "com.apple.product-type.application";
		};
/* End PBXNativeTarget section */

/* Begin PBXProject section */
		188F4FD21E7650A5005738D0 /* Project object */ = {
			isa = PBXProject;
			attributes = {
				LastUpgradeCheck = 0900;
				ORGANIZATIONNAME = hyh;
				TargetAttributes = {
					188F4FD91E7650A5005738D0 = {
						CreatedOnToolsVersion = 8.1;
						DevelopmentTeam = VD58PNDPW6;
						ProvisioningStyle = Automatic;
					};
				};
			};
			buildConfigurationList = 188F4FD51E7650A5005738D0 /* Build configuration list for PBXProject "testButton" */;
			compatibilityVersion = "Xcode 3.2";
			developmentRegion = English;
			hasScannedForEncodings = 0;
			knownRegions = (
				en,
				Base,
			);
			mainGroup = 188F4FD11E7650A5005738D0;
			productRefGroup = 188F4FDB1E7650A5005738D0 /* Products */;
			projectDirPath = "";
			projectRoot = "";
			targets = (
				188F4FD91E7650A5005738D0 /* testButton */,
			);
		};
/* End PBXProject section */

/* Begin PBXResourcesBuildPhase section */
		188F4FD81E7650A5005738D0 /* Resources */ = {
			isa = PBXResourcesBuildPhase;
			buildActionMask = 2147483647;
			files = (
				18FEAE101F8C9F780000E7B0 /* xxxx.pdf in Resources */,
				185C560E1E8E52FC001E5B6C /* 弹按钮蓝-@3x.png in Resources */,
				188F4FF91E766F00005738D0 /* 2.jpeg in Resources */,
				184840131E77BF6B00380983 /* 5.jpg in Resources */,
				188F4FED1E7650A5005738D0 /* LaunchScreen.storyboard in Resources */,
				185C560D1E8E52FC001E5B6C /* 弹按钮蓝-@2x.png in Resources */,
				185C56061E8E52FC001E5B6C /* 弹幕头背景-.png in Resources */,
				188F4FEA1E7650A5005738D0 /* Assets.xcassets in Resources */,
				185C56091E8E52FC001E5B6C /* 弹按钮灰-.png in Resources */,
				188F4FFA1E766F00005738D0 /* 3.jpeg in Resources */,
				185C56081E8E52FC001E5B6C /* 弹幕头背景-@3x.png in Resources */,
				1849A0441ED2ED7B0024AD33 /* testView.xib in Resources */,
				188F4FFB1E766F00005738D0 /* 4.jpeg in Resources */,
				185C560A1E8E52FC001E5B6C /* 弹按钮灰-@2x.png in Resources */,
				188F4FE81E7650A5005738D0 /* Main.storyboard in Resources */,
				185C560C1E8E52FC001E5B6C /* 弹按钮蓝-.png in Resources */,
				185C560B1E8E52FC001E5B6C /* 弹按钮灰-@3x.png in Resources */,
				185C56071E8E52FC001E5B6C /* 弹幕头背景-@2x.png in Resources */,
				188F4FF81E766F00005738D0 /* 1.jpeg in Resources */,
			);
			runOnlyForDeploymentPostprocessing = 0;
		};
/* End PBXResourcesBuildPhase section */

/* Begin PBXSourcesBuildPhase section */
		188F4FD61E7650A5005738D0 /* Sources */ = {
			isa = PBXSourcesBuildPhase;
			buildActionMask = 2147483647;
			files = (
				188F4FE51E7650A5005738D0 /* ViewController.m in Sources */,
				18403DE91E7BB595007ECADC /* UncaughtExceptionHandler.m in Sources */,
				183E2B341F0DE0590095C8BA /* CNotificationManager.m in Sources */,
				1849A0471ED2ED9E0024AD33 /* TestView.m in Sources */,
				188F4FE21E7650A5005738D0 /* AppDelegate.m in Sources */,
				18CBD99620590FBF00C99168 /* testViewController.m in Sources */,
				18DA4A58212E9013009B1F59 /* NSNull+XY.m in Sources */,
				188F4FDF1E7650A5005738D0 /* main.m in Sources */,
			);
			runOnlyForDeploymentPostprocessing = 0;
		};
/* End PBXSourcesBuildPhase section */

/* Begin PBXVariantGroup section */
		188F4FE61E7650A5005738D0 /* Main.storyboard */ = {
			isa = PBXVariantGroup;
			children = (
				188F4FE71E7650A5005738D0 /* Base */,
			);
			name = Main.storyboard;
			sourceTree = "<group>";
		};
		188F4FEB1E7650A5005738D0 /* LaunchScreen.storyboard */ = {
			isa = PBXVariantGroup;
			children = (
				188F4FEC1E7650A5005738D0 /* Base */,
			);
			name = LaunchScreen.storyboard;
			sourceTree = "<group>";
		};
/* End PBXVariantGroup section */

/* Begin XCBuildConfiguration section */
		188F4FEF1E7650A5005738D0 /* Debug */ = {
			isa = XCBuildConfiguration;
			buildSettings = {
				ALWAYS_SEARCH_USER_PATHS = NO;
				CLANG_ANALYZER_NONNULL = YES;
				CLANG_CXX_LANGUAGE_STANDARD = "gnu++0x";
				CLANG_CXX_LIBRARY = "libc++";
				CLANG_ENABLE_MODULES = YES;
				CLANG_ENABLE_OBJC_ARC = YES;
				CLANG_WARN_BLOCK_CAPTURE_AUTORELEASING = YES;
				CLANG_WARN_BOOL_CONVERSION = YES;
				CLANG_WARN_COMMA = YES;
				CLANG_WARN_CONSTANT_CONVERSION = YES;
				CLANG_WARN_DIRECT_OBJC_ISA_USAGE = YES_ERROR;
				CLANG_WARN_DOCUMENTATION_COMMENTS = YES;
				CLANG_WARN_EMPTY_BODY = YES;
				CLANG_WARN_ENUM_CONVERSION = YES;
				CLANG_WARN_INFINITE_RECURSION = YES;
				CLANG_WARN_INT_CONVERSION = YES;
				CLANG_WARN_NON_LITERAL_NULL_CONVERSION = YES;
				CLANG_WARN_OBJC_LITERAL_CONVERSION = YES;
				CLANG_WARN_OBJC_ROOT_CLASS = YES_ERROR;
				CLANG_WARN_RANGE_LOOP_ANALYSIS = YES;
				CLANG_WARN_STRICT_PROTOTYPES = YES;
				CLANG_WARN_SUSPICIOUS_MOVE = YES;
				CLANG_WARN_SUSPICIOUS_MOVES = YES;
				CLANG_WARN_UNREACHABLE_CODE = YES;
				CLANG_WARN__DUPLICATE_METHOD_MATCH = YES;
				"CODE_SIGN_IDENTITY[sdk=iphoneos*]" = "iPhone Developer";
				COPY_PHASE_STRIP = NO;
				DEBUG_INFORMATION_FORMAT = dwarf;
				ENABLE_STRICT_OBJC_MSGSEND = YES;
				ENABLE_TESTABILITY = YES;
				GCC_C_LANGUAGE_STANDARD = gnu99;
				GCC_DYNAMIC_NO_PIC = NO;
				GCC_NO_COMMON_BLOCKS = YES;
				GCC_OPTIMIZATION_LEVEL = 0;
				GCC_PREPROCESSOR_DEFINITIONS = (
					"DEBUG=1",
					"$(inherited)",
				);
				GCC_WARN_64_TO_32_BIT_CONVERSION = YES;
				GCC_WARN_ABOUT_RETURN_TYPE = YES_ERROR;
				GCC_WARN_UNDECLARED_SELECTOR = YES;
				GCC_WARN_UNINITIALIZED_AUTOS = YES_AGGRESSIVE;
				GCC_WARN_UNUSED_FUNCTION = YES;
				GCC_WARN_UNUSED_VARIABLE = YES;
				IPHONEOS_DEPLOYMENT_TARGET = 10.1;
				MTL_ENABLE_DEBUG_INFO = YES;
				ONLY_ACTIVE_ARCH = YES;
				SDKROOT = iphoneos;
			};
			name = Debug;
		};
		188F4FF01E7650A5005738D0 /* Release */ = {
			isa = XCBuildConfiguration;
			buildSettings = {
				ALWAYS_SEARCH_USER_PATHS = NO;
				CLANG_ANALYZER_NONNULL = YES;
				CLANG_CXX_LANGUAGE_STANDARD = "gnu++0x";
				CLANG_CXX_LIBRARY = "libc++";
				CLANG_ENABLE_MODULES = YES;
				CLANG_ENABLE_OBJC_ARC = YES;
				CLANG_WARN_BLOCK_CAPTURE_AUTORELEASING = YES;
				CLANG_WARN_BOOL_CONVERSION = YES;
				CLANG_WARN_COMMA = YES;
				CLANG_WARN_CONSTANT_CONVERSION = YES;
				CLANG_WARN_DIRECT_OBJC_ISA_USAGE = YES_ERROR;
				CLANG_WARN_DOCUMENTATION_COMMENTS = YES;
				CLANG_WARN_EMPTY_BODY = YES;
				CLANG_WARN_ENUM_CONVERSION = YES;
				CLANG_WARN_INFINITE_RECURSION = YES;
				CLANG_WARN_INT_CONVERSION = YES;
				CLANG_WARN_NON_LITERAL_NULL_CONVERSION = YES;
				CLANG_WARN_OBJC_LITERAL_CONVERSION = YES;
				CLANG_WARN_OBJC_ROOT_CLASS = YES_ERROR;
				CLANG_WARN_RANGE_LOOP_ANALYSIS = YES;
				CLANG_WARN_STRICT_PROTOTYPES = YES;
				CLANG_WARN_SUSPICIOUS_MOVE = YES;
				CLANG_WARN_SUSPICIOUS_MOVES = YES;
				CLANG_WARN_UNREACHABLE_CODE = YES;
				CLANG_WARN__DUPLICATE_METHOD_MATCH = YES;
				"CODE_SIGN_IDENTITY[sdk=iphoneos*]" = "iPhone Developer";
				COPY_PHASE_STRIP = NO;
				DEBUG_INFORMATION_FORMAT = "dwarf-with-dsym";
				ENABLE_NS_ASSERTIONS = NO;
				ENABLE_STRICT_OBJC_MSGSEND = YES;
				GCC_C_LANGUAGE_STANDARD = gnu99;
				GCC_NO_COMMON_BLOCKS = YES;
				GCC_WARN_64_TO_32_BIT_CONVERSION = YES;
				GCC_WARN_ABOUT_RETURN_TYPE = YES_ERROR;
				GCC_WARN_UNDECLARED_SELECTOR = YES;
				GCC_WARN_UNINITIALIZED_AUTOS = YES_AGGRESSIVE;
				GCC_WARN_UNUSED_FUNCTION = YES;
				GCC_WARN_UNUSED_VARIABLE = YES;
				IPHONEOS_DEPLOYMENT_TARGET = 10.1;
				MTL_ENABLE_DEBUG_INFO = NO;
				SDKROOT = iphoneos;
				VALIDATE_PRODUCT = YES;
			};
			name = Release;
		};
		188F4FF21E7650A5005738D0 /* Debug */ = {
			isa = XCBuildConfiguration;
			buildSettings = {
				ASSETCATALOG_COMPILER_APPICON_NAME = AppIcon;
				DEVELOPMENT_TEAM = VD58PNDPW6;
				INFOPLIST_FILE = testButton/Info.plist;
				LD_RUNPATH_SEARCH_PATHS = "$(inherited) @executable_path/Frameworks";
				PRODUCT_BUNDLE_IDENTIFIER = com.ylgwhyh.test3;
				PRODUCT_NAME = "$(TARGET_NAME)";
			};
			name = Debug;
		};
		188F4FF31E7650A5005738D0 /* Release */ = {
			isa = XCBuildConfiguration;
			buildSettings = {
				ASSETCATALOG_COMPILER_APPICON_NAME = AppIcon;
				DEVELOPMENT_TEAM = VD58PNDPW6;
				INFOPLIST_FILE = testButton/Info.plist;
				LD_RUNPATH_SEARCH_PATHS = "$(inherited) @executable_path/Frameworks";
				PRODUCT_BUNDLE_IDENTIFIER = com.ylgwhyh.test3;
				PRODUCT_NAME = "$(TARGET_NAME)";
			};
			name = Release;
		};
/* End XCBuildConfiguration section */

/* Begin XCConfigurationList section */
		188F4FD51E7650A5005738D0 /* Build configuration list for PBXProject "testButton" */ = {
			isa = XCConfigurationList;
			buildConfigurations = (
				188F4FEF1E7650A5005738D0 /* Debug */,
				188F4FF01E7650A5005738D0 /* Release */,
			);
			defaultConfigurationIsVisible = 0;
			defaultConfigurationName = Release;
		};
		188F4FF11E7650A5005738D0 /* Build configuration list for PBXNativeTarget "testButton" */ = {
			isa = XCConfigurationList;
			buildConfigurations = (
				188F4FF21E7650A5005738D0 /* Debug */,
				188F4FF31E7650A5005738D0 /* Release */,
			);
			defaultConfigurationIsVisible = 0;
			defaultConfigurationName = Release;
		};
/* End XCConfigurationList section */
	};
	rootObject = 188F4FD21E7650A5005738D0 /* Project object */;
}
